
Microsoft Visual Studio Solution File, Format Version 12.00
Project("{FAE04EC0-301F-11D3-BF4B-00C04F79EFBC}") = "SamsungFumoScraper", "SamsungFumoScraper\SamsungFumoScraper.csproj", "{6CDD0ECA-D17D-4F94-9E6D-F34A98563C8E}"
EndProject
Project("{FAE04EC0-301F-11D3-BF4B-00C04F79EFBC}") = "SamsungFumoClient", "SamsungFumoClient\SamsungFumoClient\SamsungFumoClient.csproj", "{D75B9D24-DFF0-41ED-8EC5-D7F7807C5647}"
EndProject
Global
	GlobalSection(SolutionConfigurationPlatforms) = preSolution
		Debug|Any CPU = Debug|Any CPU
		Release|Any CPU = Release|Any CPU
	EndGlobalSection
	GlobalSection(ProjectConfigurationPlatforms) = postSolution
		{6CDD0ECA-D17D-4F94-9E6D-F34A98563C8E}.Debug|Any CPU.ActiveCfg = Debug|Any CPU
		{6CDD0ECA-D17D-4F94-9E6D-F34A98563C8E}.Debug|Any CPU.Build.0 = Debug|Any CPU
		{6CDD0ECA-D17D-4F94-9E6D-F34A98563C8E}.Release|Any CPU.ActiveCfg = Release|Any CPU
		{6CDD0ECA-D17D-4F94-9E6D-F34A98563C8E}.Release|Any CPU.Build.0 = Release|Any CPU
		{D75B9D24-DFF0-41ED-8EC5-D7F7807C5647}.Debug|Any CPU.ActiveCfg = Debug|Any CPU
		{D75B9D24-DFF0-41ED-8EC5-D7F7807C5647}.Debug|Any CPU.Build.0 = Debug|Any CPU
		{D75B9D24-DFF0-41ED-8EC5-D7F7807C5647}.Release|Any CPU.ActiveCfg = Release|Any CPU
		{D75B9D24-DFF0-41ED-8EC5-D7F7807C5647}.Release|Any CPU.Build.0 = Release|Any CPU
	EndGlobalSection
EndGlobal
